
Microsoft Visual Studio Solution File, Format Version 12.00
# Visual Studio Version 16
VisualStudioVersion = 16.0.30406.217
MinimumVisualStudioVersion = 10.0.40219.1
Project("{FAE04EC0-301F-11D3-BF4B-00C04F79EFBC}") = "Bartender_App", "Bartender_App\Bartender_App.csproj", "{97B80876-F915-4194-B226-77C89F61DE6D}"
EndProject
Global
	GlobalSection(SolutionConfigurationPlatforms) = preSolution
		Debug|Any CPU = Debug|Any CPU
		Release|Any CPU = Release|Any CPU
	EndGlobalSection
	GlobalSection(ProjectConfigurationPlatforms) = postSolution
		{97B80876-F915-4194-B226-77C89F61DE6D}.Debug|Any CPU.ActiveCfg = Debug|Any CPU
		{97B80876-F915-4194-B226-77C89F61DE6D}.Debug|Any CPU.Build.0 = Debug|Any CPU
		{97B80876-F915-4194-B226-77C89F61DE6D}.Release|Any CPU.ActiveCfg = Release|Any CPU
		{97B80876-F915-4194-B226-77C89F61DE6D}.Release|Any CPU.Build.0 = Release|Any CPU
	EndGlobalSection
	GlobalSection(SolutionProperties) = preSolution
		HideSolutionNode = FALSE
	EndGlobalSection
	GlobalSection(ExtensibilityGlobals) = postSolution
		SolutionGuid = {984E678F-F8BE-4F93-BC0E-39FE0B860A9B}
	EndGlobalSection
EndGlobal
